
Microsoft Visual Studio Solution File, Format Version 12.00
# Visual Studio 14
VisualStudioVersion = 14.0.25420.1
MinimumVisualStudioVersion = 10.0.40219.1
Project("{FAE04EC0-301F-11D3-BF4B-00C04F79EFBC}") = "Logic", "BinarySearch\Logic.csproj", "{265E8209-B80A-41C0-BEDA-1CCE2E8DDF73}"
EndProject
Project("{FAE04EC0-301F-11D3-BF4B-00C04F79EFBC}") = "ConsoleUI", "ConsoleUI\ConsoleUI.csproj", "{BE9C7A3D-568B-49C2-BFE9-65E6D92C3D1B}"
EndProject
Project("{FAE04EC0-301F-11D3-BF4B-00C04F79EFBC}") = "LogicS", "LogicS\LogicS.csproj", "{B9FA7E42-6907-49E6-9330-98433DEAC271}"
EndProject
Project("{FAE04EC0-301F-11D3-BF4B-00C04F79EFBC}") = "LogicTest", "LogicTest\LogicTest.csproj", "{A97C83BB-1D05-4FA5-9A45-86A9A7CBFACD}"
EndProject
Global
	GlobalSection(SolutionConfigurationPlatforms) = preSolution
		Debug|Any CPU = Debug|Any CPU
		Release|Any CPU = Release|Any CPU
	EndGlobalSection
	GlobalSection(ProjectConfigurationPlatforms) = postSolution
		{265E8209-B80A-41C0-BEDA-1CCE2E8DDF73}.Debug|Any CPU.ActiveCfg = Debug|Any CPU
		{265E8209-B80A-41C0-BEDA-1CCE2E8DDF73}.Debug|Any CPU.Build.0 = Debug|Any CPU
		{265E8209-B80A-41C0-BEDA-1CCE2E8DDF73}.Release|Any CPU.ActiveCfg = Release|Any CPU
		{265E8209-B80A-41C0-BEDA-1CCE2E8DDF73}.Release|Any CPU.Build.0 = Release|Any CPU
		{BE9C7A3D-568B-49C2-BFE9-65E6D92C3D1B}.Debug|Any CPU.ActiveCfg = Debug|Any CPU
		{BE9C7A3D-568B-49C2-BFE9-65E6D92C3D1B}.Debug|Any CPU.Build.0 = Debug|Any CPU
		{BE9C7A3D-568B-49C2-BFE9-65E6D92C3D1B}.Release|Any CPU.ActiveCfg = Release|Any CPU
		{BE9C7A3D-568B-49C2-BFE9-65E6D92C3D1B}.Release|Any CPU.Build.0 = Release|Any CPU
		{B9FA7E42-6907-49E6-9330-98433DEAC271}.Debug|Any CPU.ActiveCfg = Debug|Any CPU
		{B9FA7E42-6907-49E6-9330-98433DEAC271}.Debug|Any CPU.Build.0 = Debug|Any CPU
		{B9FA7E42-6907-49E6-9330-98433DEAC271}.Release|Any CPU.ActiveCfg = Release|Any CPU
		{B9FA7E42-6907-49E6-9330-98433DEAC271}.Release|Any CPU.Build.0 = Release|Any CPU
		{A97C83BB-1D05-4FA5-9A45-86A9A7CBFACD}.Debug|Any CPU.ActiveCfg = Debug|Any CPU
		{A97C83BB-1D05-4FA5-9A45-86A9A7CBFACD}.Debug|Any CPU.Build.0 = Debug|Any CPU
		{A97C83BB-1D05-4FA5-9A45-86A9A7CBFACD}.Release|Any CPU.ActiveCfg = Release|Any CPU
		{A97C83BB-1D05-4FA5-9A45-86A9A7CBFACD}.Release|Any CPU.Build.0 = Release|Any CPU
	EndGlobalSection
	GlobalSection(SolutionProperties) = preSolution
		HideSolutionNode = FALSE
	EndGlobalSection
EndGlobal
